
Microsoft Visual Studio Solution File, Format Version 12.00
# Visual Studio Version 16
VisualStudioVersion = 16.0.30309.148
MinimumVisualStudioVersion = 10.0.40219.1
Project("{FAE04EC0-301F-11D3-BF4B-00C04F79EFBC}") = "Progen", "Progen\Progen.csproj", "{61E21247-BF53-46E8-A34B-BE87F303C76D}"
EndProject
Global
	GlobalSection(SolutionConfigurationPlatforms) = preSolution
		Debug|Any CPU = Debug|Any CPU
		Release|Any CPU = Release|Any CPU
	EndGlobalSection
	GlobalSection(ProjectConfigurationPlatforms) = postSolution
		{61E21247-BF53-46E8-A34B-BE87F303C76D}.Debug|Any CPU.ActiveCfg = Debug|Any CPU
		{61E21247-BF53-46E8-A34B-BE87F303C76D}.Debug|Any CPU.Build.0 = Debug|Any CPU
		{61E21247-BF53-46E8-A34B-BE87F303C76D}.Release|Any CPU.ActiveCfg = Release|Any CPU
		{61E21247-BF53-46E8-A34B-BE87F303C76D}.Release|Any CPU.Build.0 = Release|Any CPU
	EndGlobalSection
	GlobalSection(SolutionProperties) = preSolution
		HideSolutionNode = FALSE
	EndGlobalSection
	GlobalSection(ExtensibilityGlobals) = postSolution
		SolutionGuid = {22DFAF89-2361-4BB4-84D2-47C01958B3FF}
	EndGlobalSection
EndGlobal
